
Microsoft Visual Studio Solution File, Format Version 12.00
# Visual Studio Version 17
VisualStudioVersion = 17.12.35728.132
MinimumVisualStudioVersion = 10.0.40219.1
Project("{FAE04EC0-301F-11D3-BF4B-00C04F79EFBC}") = "FUNewsManagementSystem", "FUNewsManagementSystem.csproj", "{5FC5CD96-DF93-44A2-92B5-25BC69CC1A11}"
EndProject
Project("{FAE04EC0-301F-11D3-BF4B-00C04F79EFBC}") = "BusinessObjects", "..\BusinessObjects\BusinessObjects.csproj", "{B19C7C9C-407C-437E-A0CD-F27DA70EF3A6}"
EndProject
Project("{FAE04EC0-301F-11D3-BF4B-00C04F79EFBC}") = "Repositories", "..\Repository\Repositories.csproj", "{CBF0FB98-98BC-4EC5-9885-EC56C26C7D36}"
EndProject
Project("{FAE04EC0-301F-11D3-BF4B-00C04F79EFBC}") = "Services", "..\Services\Services.csproj", "{27163546-61E6-480D-A145-323B66F4FE33}"
EndProject
Global
	GlobalSection(SolutionConfigurationPlatforms) = preSolution
		Debug|Any CPU = Debug|Any CPU
		Release|Any CPU = Release|Any CPU
	EndGlobalSection
	GlobalSection(ProjectConfigurationPlatforms) = postSolution
		{5FC5CD96-DF93-44A2-92B5-25BC69CC1A11}.Debug|Any CPU.ActiveCfg = Debug|Any CPU
		{5FC5CD96-DF93-44A2-92B5-25BC69CC1A11}.Debug|Any CPU.Build.0 = Debug|Any CPU
		{5FC5CD96-DF93-44A2-92B5-25BC69CC1A11}.Release|Any CPU.ActiveCfg = Release|Any CPU
		{5FC5CD96-DF93-44A2-92B5-25BC69CC1A11}.Release|Any CPU.Build.0 = Release|Any CPU
		{B19C7C9C-407C-437E-A0CD-F27DA70EF3A6}.Debug|Any CPU.ActiveCfg = Debug|Any CPU
		{B19C7C9C-407C-437E-A0CD-F27DA70EF3A6}.Debug|Any CPU.Build.0 = Debug|Any CPU
		{B19C7C9C-407C-437E-A0CD-F27DA70EF3A6}.Release|Any CPU.ActiveCfg = Release|Any CPU
		{B19C7C9C-407C-437E-A0CD-F27DA70EF3A6}.Release|Any CPU.Build.0 = Release|Any CPU
		{CBF0FB98-98BC-4EC5-9885-EC56C26C7D36}.Debug|Any CPU.ActiveCfg = Debug|Any CPU
		{CBF0FB98-98BC-4EC5-9885-EC56C26C7D36}.Debug|Any CPU.Build.0 = Debug|Any CPU
		{CBF0FB98-98BC-4EC5-9885-EC56C26C7D36}.Release|Any CPU.ActiveCfg = Release|Any CPU
		{CBF0FB98-98BC-4EC5-9885-EC56C26C7D36}.Release|Any CPU.Build.0 = Release|Any CPU
		{27163546-61E6-480D-A145-323B66F4FE33}.Debug|Any CPU.ActiveCfg = Debug|Any CPU
		{27163546-61E6-480D-A145-323B66F4FE33}.Debug|Any CPU.Build.0 = Debug|Any CPU
		{27163546-61E6-480D-A145-323B66F4FE33}.Release|Any CPU.ActiveCfg = Release|Any CPU
		{27163546-61E6-480D-A145-323B66F4FE33}.Release|Any CPU.Build.0 = Release|Any CPU
	EndGlobalSection
	GlobalSection(SolutionProperties) = preSolution
		HideSolutionNode = FALSE
	EndGlobalSection
EndGlobal
